
Microsoft Visual Studio Solution File, Format Version 12.00
# Visual Studio Version 17
VisualStudioVersion = 17.7.34024.191
MinimumVisualStudioVersion = 10.0.40219.1
Project("{54A90642-561A-4BB1-A94E-469ADEE60C69}") = "NodeConsoleApp1", "NodeConsoleApp1\NodeConsoleApp1.esproj", "{10C74CB2-BE00-44E1-8738-9EE2743E6128}"
EndProject
Global
	GlobalSection(SolutionConfigurationPlatforms) = preSolution
		Debug|Any CPU = Debug|Any CPU
		Release|Any CPU = Release|Any CPU
	EndGlobalSection
	GlobalSection(ProjectConfigurationPlatforms) = postSolution
		{10C74CB2-BE00-44E1-8738-9EE2743E6128}.Debug|Any CPU.ActiveCfg = Debug|Any CPU
		{10C74CB2-BE00-44E1-8738-9EE2743E6128}.Debug|Any CPU.Build.0 = Debug|Any CPU
		{10C74CB2-BE00-44E1-8738-9EE2743E6128}.Debug|Any CPU.Deploy.0 = Debug|Any CPU
		{10C74CB2-BE00-44E1-8738-9EE2743E6128}.Release|Any CPU.ActiveCfg = Release|Any CPU
		{10C74CB2-BE00-44E1-8738-9EE2743E6128}.Release|Any CPU.Build.0 = Release|Any CPU
		{10C74CB2-BE00-44E1-8738-9EE2743E6128}.Release|Any CPU.Deploy.0 = Release|Any CPU
	EndGlobalSection
	GlobalSection(SolutionProperties) = preSolution
		HideSolutionNode = FALSE
	EndGlobalSection
	GlobalSection(ExtensibilityGlobals) = postSolution
		SolutionGuid = {C116F872-8898-4185-A8FE-F6B30CD58FD7}
	EndGlobalSection
EndGlobal
